// !$*UTF8*$!
{
	archiveVersion = 1;
	classes = {
	};
	objectVersion = 46;
	objects = {

/* Begin PBXBuildFile section */
		A17D09081DBBC393009D4809 /* AppDelegate.swift in Sources */ = {isa = PBXBuildFile; fileRef = A17D09071DBBC393009D4809 /* AppDelegate.swift */; };
		A17D090A1DBBC393009D4809 /* ViewController.swift in Sources */ = {isa = PBXBuildFile; fileRef = A17D09091DBBC393009D4809 /* ViewController.swift */; };
		A17D090D1DBBC393009D4809 /* Main.storyboard in Resources */ = {isa = PBXBuildFile; fileRef = A17D090B1DBBC393009D4809 /* Main.storyboard */; };
		A17D090F1DBBC393009D4809 /* Assets.xcassets in Resources */ = {isa = PBXBuildFile; fileRef = A17D090E1DBBC393009D4809 /* Assets.xcassets */; };
		A17D09121DBBC393009D4809 /* LaunchScreen.storyboard in Resources */ = {isa = PBXBuildFile; fileRef = A17D09101DBBC393009D4809 /* LaunchScreen.storyboard */; };
/* End PBXBuildFile section */

/* Begin PBXFileReference section */
		A17D09041DBBC393009D4809 /* Scoops.app */ = {isa = PBXFileReference; explicitFileType = wrapper.application; includeInIndex = 0; path = Scoops.app; sourceTree = BUILT_PRODUCTS_DIR; };
		A17D09071DBBC393009D4809 /* AppDelegate.swift */ = {isa = PBXFileReference; lastKnownFileType = sourcecode.swift; path = AppDelegate.swift; sourceTree = "<group>"; };
		A17D09091DBBC393009D4809 /* ViewController.swift */ = {isa = PBXFileReference; lastKnownFileType = sourcecode.swift; path = ViewController.swift; sourceTree = "<group>"; };
		A17D090C1DBBC393009D4809 /* Base */ = {isa = PBXFileReference; lastKnownFileType = file.storyboard; name = Base; path = Base.lproj/Main.storyboard; sourceTree = "<group>"; };
		A17D090E1DBBC393009D4809 /* Assets.xcassets */ = {isa = PBXFileReference; lastKnownFileType = folder.assetcatalog; path = Assets.xcassets; sourceTree = "<group>"; };
		A17D09111DBBC393009D4809 /* Base */ = {isa = PBXFileReference; lastKnownFileType = file.storyboard; name = Base; path = Base.lproj/LaunchScreen.storyboard; sourceTree = "<group>"; };
		A17D09131DBBC393009D4809 /* Info.plist */ = {isa = PBXFileReference; lastKnownFileType = text.plist.xml; path = Info.plist; sourceTree = "<group>"; };
/* End PBXFileReference section */

/* Begin PBXFrameworksBuildPhase section */
		A17D09011DBBC393009D4809 /* Frameworks */ = {
			isa = PBXFrameworksBuildPhase;
			buildActionMask = 2147483647;
			files = (
			);
			runOnlyForDeploymentPostprocessing = 0;
		};
/* End PBXFrameworksBuildPhase section */

/* Begin PBXGroup section */
		A17D08FB1DBBC392009D4809 = {
			isa = PBXGroup;
			children = (
				A17D09061DBBC393009D4809 /* Scoops */,
				A17D09051DBBC393009D4809 /* Products */,
			);
			sourceTree = "<group>";
		};
		A17D09051DBBC393009D4809 /* Products */ = {
			isa = PBXGroup;
			children = (
				A17D09041DBBC393009D4809 /* Scoops.app */,
			);
			name = Products;
			sourceTree = "<group>";
		};
		A17D09061DBBC393009D4809 /* Scoops */ = {
			isa = PBXGroup;
			children = (
				A17D09071DBBC393009D4809 /* AppDelegate.swift */,
				A17D09091DBBC393009D4809 /* ViewController.swift */,
				A17D090B1DBBC393009D4809 /* Main.storyboard */,
				A17D090E1DBBC393009D4809 /* Assets.xcassets */,
				A17D09101DBBC393009D4809 /* LaunchScreen.storyboard */,
				A17D09131DBBC393009D4809 /* Info.plist */,
			);
			path = Scoops;
			sourceTree = "<group>";
		};
/* End PBXGroup section */

/* Begin PBXNativeTarget section */
		A17D09031DBBC393009D4809 /* Scoops */ = {
			isa = PBXNativeTarget;
			buildConfigurationList = A17D09161DBBC393009D4809 /* Build configuration list for PBXNativeTarget "Scoops" */;
			buildPhases = (
				A17D09001DBBC393009D4809 /* Sources */,
				A17D09011DBBC393009D4809 /* Frameworks */,
				A17D09021DBBC393009D4809 /* Resources */,
			);
			buildRules = (
			);
			dependencies = (
			);
			name = Scoops;
			productName = Scoops;
			productReference = A17D09041DBBC393009D4809 /* Scoops.app */;
			productType = "com.apple.product-type.application";
		};
/* End PBXNativeTarget section */

/* Begin PBXProject section */
		A17D08FC1DBBC392009D4809 /* Project object */ = {
			isa = PBXProject;
			attributes = {
				LastSwiftUpdateCheck = 0800;
				LastUpgradeCheck = 0800;
				ORGANIZATIONNAME = "Charles Moncada";
				TargetAttributes = {
					A17D09031DBBC393009D4809 = {
						CreatedOnToolsVersion = 8.0;
						DevelopmentTeam = 692K8L98GH;
						ProvisioningStyle = Automatic;
					};
				};
			};
			buildConfigurationList = A17D08FF1DBBC392009D4809 /* Build configuration list for PBXProject "Scoops" */;
			compatibilityVersion = "Xcode 3.2";
			developmentRegion = English;
			hasScannedForEncodings = 0;
			knownRegions = (
				en,
				Base,
			);
			mainGroup = A17D08FB1DBBC392009D4809;
			productRefGroup = A17D09051DBBC393009D4809 /* Products */;
			projectDirPath = "";
			projectRoot = "";
			targets = (
				A17D09031DBBC393009D4809 /* Scoops */,
			);
		};
/* End PBXProject section */

/* Begin PBXResourcesBuildPhase section */
		A17D09021DBBC393009D4809 /* Resources */ = {
			isa = PBXResourcesBuildPhase;
			buildActionMask = 2147483647;
			files = (
				A17D09121DBBC393009D4809 /* LaunchScreen.storyboard in Resources */,
				A17D090F1DBBC393009D4809 /* Assets.xcassets in Resources */,
				A17D090D1DBBC393009D4809 /* Main.storyboard in Resources */,
			);
			runOnlyForDeploymentPostprocessing = 0;
		};
/* End PBXResourcesBuildPhase section */

/* Begin PBXSourcesBuildPhase section */
		A17D09001DBBC393009D4809 /* Sources */ = {
			isa = PBXSourcesBuildPhase;
			buildActionMask = 2147483647;
			files = (
				A17D090A1DBBC393009D4809 /* ViewController.swift in Sources */,
				A17D09081DBBC393009D4809 /* AppDelegate.swift in Sources */,
			);
			runOnlyForDeploymentPostprocessing = 0;
		};
/* End PBXSourcesBuildPhase section */

/* Begin PBXVariantGroup section */
		A17D090B1DBBC393009D4809 /* Main.storyboard */ = {
			isa = PBXVariantGroup;
			children = (
				A17D090C1DBBC393009D4809 /* Base */,
			);
			name = Main.storyboard;
			sourceTree = "<group>";
		};
		A17D09101DBBC393009D4809 /* LaunchScreen.storyboard */ = {
			isa = PBXVariantGroup;
			children = (
				A17D09111DBBC393009D4809 /* Base */,
			);
			name = LaunchScreen.storyboard;
			sourceTree = "<group>";
		};
/* End PBXVariantGroup section */

/* Begin XCBuildConfiguration section */
		A17D09141DBBC393009D4809 /* Debug */ = {
			isa = XCBuildConfiguration;
			buildSettings = {
				ALWAYS_SEARCH_USER_PATHS = NO;
				CLANG_ANALYZER_NONNULL = YES;
				CLANG_CXX_LANGUAGE_STANDARD = "gnu++0x";
				CLANG_CXX_LIBRARY = "libc++";
				CLANG_ENABLE_MODULES = YES;
				CLANG_ENABLE_OBJC_ARC = YES;
				CLANG_WARN_BOOL_CONVERSION = YES;
				CLANG_WARN_CONSTANT_CONVERSION = YES;
				CLANG_WARN_DIRECT_OBJC_ISA_USAGE = YES_ERROR;
				CLANG_WARN_DOCUMENTATION_COMMENTS = YES;
				CLANG_WARN_EMPTY_BODY = YES;
				CLANG_WARN_ENUM_CONVERSION = YES;
				CLANG_WARN_INFINITE_RECURSION = YES;
				CLANG_WARN_INT_CONVERSION = YES;
				CLANG_WARN_OBJC_ROOT_CLASS = YES_ERROR;
				CLANG_WARN_SUSPICIOUS_MOVES = YES;
				CLANG_WARN_UNREACHABLE_CODE = YES;
				CLANG_WARN__DUPLICATE_METHOD_MATCH = YES;
				"CODE_SIGN_IDENTITY[sdk=iphoneos*]" = "iPhone Developer";
				COPY_PHASE_STRIP = NO;
				DEBUG_INFORMATION_FORMAT = dwarf;
				ENABLE_STRICT_OBJC_MSGSEND = YES;
				ENABLE_TESTABILITY = YES;
				GCC_C_LANGUAGE_STANDARD = gnu99;
				GCC_DYNAMIC_NO_PIC = NO;
				GCC_NO_COMMON_BLOCKS = YES;
				GCC_OPTIMIZATION_LEVEL = 0;
				GCC_PREPROCESSOR_DEFINITIONS = (
					"DEBUG=1",
					"$(inherited)",
				);
				GCC_WARN_64_TO_32_BIT_CONVERSION = YES;
				GCC_WARN_ABOUT_RETURN_TYPE = YES_ERROR;
				GCC_WARN_UNDECLARED_SELECTOR = YES;
				GCC_WARN_UNINITIALIZED_AUTOS = YES_AGGRESSIVE;
				GCC_WARN_UNUSED_FUNCTION = YES;
				GCC_WARN_UNUSED_VARIABLE = YES;
				IPHONEOS_DEPLOYMENT_TARGET = 10.0;
				MTL_ENABLE_DEBUG_INFO = YES;
				ONLY_ACTIVE_ARCH = YES;
				SDKROOT = iphoneos;
				SWIFT_ACTIVE_COMPILATION_CONDITIONS = DEBUG;
				SWIFT_OPTIMIZATION_LEVEL = "-Onone";
			};
			name = Debug;
		};
		A17D09151DBBC393009D4809 /* Release */ = {
			isa = XCBuildConfiguration;
			buildSettings = {
				ALWAYS_SEARCH_USER_PATHS = NO;
				CLANG_ANALYZER_NONNULL = YES;
				CLANG_CXX_LANGUAGE_STANDARD = "gnu++0x";
				CLANG_CXX_LIBRARY = "libc++";
				CLANG_ENABLE_MODULES = YES;
				CLANG_ENABLE_OBJC_ARC = YES;
				CLANG_WARN_BOOL_CONVERSION = YES;
				CLANG_WARN_CONSTANT_CONVERSION = YES;
				CLANG_WARN_DIRECT_OBJC_ISA_USAGE = YES_ERROR;
				CLANG_WARN_DOCUMENTATION_COMMENTS = YES;
				CLANG_WARN_EMPTY_BODY = YES;
				CLANG_WARN_ENUM_CONVERSION = YES;
				CLANG_WARN_INFINITE_RECURSION = YES;
				CLANG_WARN_INT_CONVERSION = YES;
				CLANG_WARN_OBJC_ROOT_CLASS = YES_ERROR;
				CLANG_WARN_SUSPICIOUS_MOVES = YES;
				CLANG_WARN_UNREACHABLE_CODE = YES;
				CLANG_WARN__DUPLICATE_METHOD_MATCH = YES;
				"CODE_SIGN_IDENTITY[sdk=iphoneos*]" = "iPhone Developer";
				COPY_PHASE_STRIP = NO;
				DEBUG_INFORMATION_FORMAT = "dwarf-with-dsym";
				ENABLE_NS_ASSERTIONS = NO;
				ENABLE_STRICT_OBJC_MSGSEND = YES;
				GCC_C_LANGUAGE_STANDARD = gnu99;
				GCC_NO_COMMON_BLOCKS = YES;
				GCC_WARN_64_TO_32_BIT_CONVERSION = YES;
				GCC_WARN_ABOUT_RETURN_TYPE = YES_ERROR;
				GCC_WARN_UNDECLARED_SELECTOR = YES;
				GCC_WARN_UNINITIALIZED_AUTOS = YES_AGGRESSIVE;
				GCC_WARN_UNUSED_FUNCTION = YES;
				GCC_WARN_UNUSED_VARIABLE = YES;
				IPHONEOS_DEPLOYMENT_TARGET = 10.0;
				MTL_ENABLE_DEBUG_INFO = NO;
				SDKROOT = iphoneos;
				SWIFT_OPTIMIZATION_LEVEL = "-Owholemodule";
				VALIDATE_PRODUCT = YES;
			};
			name = Release;
		};
		A17D09171DBBC393009D4809 /* Debug */ = {
			isa = XCBuildConfiguration;
			buildSettings = {
				ASSETCATALOG_COMPILER_APPICON_NAME = AppIcon;
				DEVELOPMENT_TEAM = 692K8L98GH;
				INFOPLIST_FILE = Scoops/Info.plist;
				LD_RUNPATH_SEARCH_PATHS = "$(inherited) @executable_path/Frameworks";
				PRODUCT_BUNDLE_IDENTIFIER = com.charlesmoncada.Scoops;
				PRODUCT_NAME = "$(TARGET_NAME)";
				SWIFT_VERSION = 3.0;
			};
			name = Debug;
		};
		A17D09181DBBC393009D4809 /* Release */ = {
			isa = XCBuildConfiguration;
			buildSettings = {
				ASSETCATALOG_COMPILER_APPICON_NAME = AppIcon;
				DEVELOPMENT_TEAM = 692K8L98GH;
				INFOPLIST_FILE = Scoops/Info.plist;
				LD_RUNPATH_SEARCH_PATHS = "$(inherited) @executable_path/Frameworks";
				PRODUCT_BUNDLE_IDENTIFIER = com.charlesmoncada.Scoops;
				PRODUCT_NAME = "$(TARGET_NAME)";
				SWIFT_VERSION = 3.0;
			};
			name = Release;
		};
/* End XCBuildConfiguration section */

/* Begin XCConfigurationList section */
		A17D08FF1DBBC392009D4809 /* Build configuration list for PBXProject "Scoops" */ = {
			isa = XCConfigurationList;
			buildConfigurations = (
				A17D09141DBBC393009D4809 /* Debug */,
				A17D09151DBBC393009D4809 /* Release */,
			);
			defaultConfigurationIsVisible = 0;
			defaultConfigurationName = Release;
		};
		A17D09161DBBC393009D4809 /* Build configuration list for PBXNativeTarget "Scoops" */ = {
			isa = XCConfigurationList;
			buildConfigurations = (
				A17D09171DBBC393009D4809 /* Debug */,
				A17D09181DBBC393009D4809 /* Release */,
			);
			defaultConfigurationIsVisible = 0;
		};
/* End XCConfigurationList section */
	};
	rootObject = A17D08FC1DBBC392009D4809 /* Project object */;
}
