// !$*UTF8*$!
{
	archiveVersion = 1;
	classes = {
	};
	objectVersion = 46;
	objects = {

/* Begin PBXBuildFile section */
		A101EE621DBFC2CB005A561C /* UIImage+Alpha.swift in Sources */ = {isa = PBXBuildFile; fileRef = A101EE5F1DBFC2CB005A561C /* UIImage+Alpha.swift */; };
		A101EE631DBFC2CB005A561C /* UIImage+ReSize.swift in Sources */ = {isa = PBXBuildFile; fileRef = A101EE601DBFC2CB005A561C /* UIImage+ReSize.swift */; };
		A101EE641DBFC2CB005A561C /* UIImage+RoundCorner.swift in Sources */ = {isa = PBXBuildFile; fileRef = A101EE611DBFC2CB005A561C /* UIImage+RoundCorner.swift */; };
		A152E15A1DC3B3E6008AF28C /* MicrosoftAzureMobile.framework in Frameworks */ = {isa = PBXBuildFile; fileRef = A152E1591DC3B3E6008AF28C /* MicrosoftAzureMobile.framework */; };
		A152E15D1DC46DB5008AF28C /* Anonymous.storyboard in Resources */ = {isa = PBXBuildFile; fileRef = A152E15C1DC46DB5008AF28C /* Anonymous.storyboard */; };
		A152E15F1DC46E09008AF28C /* AnonymousTableViewController.swift in Sources */ = {isa = PBXBuildFile; fileRef = A152E15E1DC46E09008AF28C /* AnonymousTableViewController.swift */; };
		A17D09081DBBC393009D4809 /* AppDelegate.swift in Sources */ = {isa = PBXBuildFile; fileRef = A17D09071DBBC393009D4809 /* AppDelegate.swift */; };
		A17D090D1DBBC393009D4809 /* Main.storyboard in Resources */ = {isa = PBXBuildFile; fileRef = A17D090B1DBBC393009D4809 /* Main.storyboard */; };
		A17D090F1DBBC393009D4809 /* Assets.xcassets in Resources */ = {isa = PBXBuildFile; fileRef = A17D090E1DBBC393009D4809 /* Assets.xcassets */; };
		A17D09121DBBC393009D4809 /* LaunchScreen.storyboard in Resources */ = {isa = PBXBuildFile; fileRef = A17D09101DBBC393009D4809 /* LaunchScreen.storyboard */; };
		A17D091B1DBBC48A009D4809 /* MainViewController.swift in Sources */ = {isa = PBXBuildFile; fileRef = A17D091A1DBBC48A009D4809 /* MainViewController.swift */; };
		A17D09201DBBC8D7009D4809 /* LoggedTableViewController.swift in Sources */ = {isa = PBXBuildFile; fileRef = A17D091F1DBBC8D7009D4809 /* LoggedTableViewController.swift */; };
		A17D09291DBDA007009D4809 /* WebKit.framework in Frameworks */ = {isa = PBXBuildFile; fileRef = A17D09281DBDA007009D4809 /* WebKit.framework */; };
		A17D092B1DBDA168009D4809 /* Logged.storyboard in Resources */ = {isa = PBXBuildFile; fileRef = A17D092A1DBDA168009D4809 /* Logged.storyboard */; };
		A17D092D1DBDA18F009D4809 /* ScoopDetailsViewController.swift in Sources */ = {isa = PBXBuildFile; fileRef = A17D092C1DBDA18F009D4809 /* ScoopDetailsViewController.swift */; };
		A1C5220B1DC63D5700227970 /* ScoopReadingViewController.swift in Sources */ = {isa = PBXBuildFile; fileRef = A1C5220A1DC63D5700227970 /* ScoopReadingViewController.swift */; };
		A1CED3141DC563A600CF528D /* AZSClient.framework in Frameworks */ = {isa = PBXBuildFile; fileRef = A1CED3131DC563A600CF528D /* AZSClient.framework */; };
		A1CED3161DC563EA00CF528D /* libxml2.2.tbd in Frameworks */ = {isa = PBXBuildFile; fileRef = A1CED3151DC563EA00CF528D /* libxml2.2.tbd */; };
		A1CED31A1DC5AB3C00CF528D /* no-image-available.png in Resources */ = {isa = PBXBuildFile; fileRef = A1CED3191DC5AB3C00CF528D /* no-image-available.png */; };
/* End PBXBuildFile section */

/* Begin PBXFileReference section */
		A101EE5F1DBFC2CB005A561C /* UIImage+Alpha.swift */ = {isa = PBXFileReference; fileEncoding = 4; lastKnownFileType = sourcecode.swift; path = "UIImage+Alpha.swift"; sourceTree = "<group>"; };
		A101EE601DBFC2CB005A561C /* UIImage+ReSize.swift */ = {isa = PBXFileReference; fileEncoding = 4; lastKnownFileType = sourcecode.swift; path = "UIImage+ReSize.swift"; sourceTree = "<group>"; };
		A101EE611DBFC2CB005A561C /* UIImage+RoundCorner.swift */ = {isa = PBXFileReference; fileEncoding = 4; lastKnownFileType = sourcecode.swift; path = "UIImage+RoundCorner.swift"; sourceTree = "<group>"; };
		A152E1591DC3B3E6008AF28C /* MicrosoftAzureMobile.framework */ = {isa = PBXFileReference; lastKnownFileType = wrapper.framework; path = MicrosoftAzureMobile.framework; sourceTree = "<group>"; };
		A152E15C1DC46DB5008AF28C /* Anonymous.storyboard */ = {isa = PBXFileReference; fileEncoding = 4; lastKnownFileType = file.storyboard; path = Anonymous.storyboard; sourceTree = "<group>"; };
		A152E15E1DC46E09008AF28C /* AnonymousTableViewController.swift */ = {isa = PBXFileReference; fileEncoding = 4; lastKnownFileType = sourcecode.swift; path = AnonymousTableViewController.swift; sourceTree = "<group>"; };
		A17D09041DBBC393009D4809 /* Scoops.app */ = {isa = PBXFileReference; explicitFileType = wrapper.application; includeInIndex = 0; path = Scoops.app; sourceTree = BUILT_PRODUCTS_DIR; };
		A17D09071DBBC393009D4809 /* AppDelegate.swift */ = {isa = PBXFileReference; lastKnownFileType = sourcecode.swift; path = AppDelegate.swift; sourceTree = "<group>"; };
		A17D090C1DBBC393009D4809 /* Base */ = {isa = PBXFileReference; lastKnownFileType = file.storyboard; name = Base; path = Base.lproj/Main.storyboard; sourceTree = "<group>"; };
		A17D090E1DBBC393009D4809 /* Assets.xcassets */ = {isa = PBXFileReference; lastKnownFileType = folder.assetcatalog; path = Assets.xcassets; sourceTree = "<group>"; };
		A17D09111DBBC393009D4809 /* Base */ = {isa = PBXFileReference; lastKnownFileType = file.storyboard; name = Base; path = Base.lproj/LaunchScreen.storyboard; sourceTree = "<group>"; };
		A17D09131DBBC393009D4809 /* Info.plist */ = {isa = PBXFileReference; lastKnownFileType = text.plist.xml; path = Info.plist; sourceTree = "<group>"; };
		A17D091A1DBBC48A009D4809 /* MainViewController.swift */ = {isa = PBXFileReference; fileEncoding = 4; lastKnownFileType = sourcecode.swift; path = MainViewController.swift; sourceTree = "<group>"; };
		A17D091F1DBBC8D7009D4809 /* LoggedTableViewController.swift */ = {isa = PBXFileReference; fileEncoding = 4; lastKnownFileType = sourcecode.swift; path = LoggedTableViewController.swift; sourceTree = "<group>"; };
		A17D09261DBD9F42009D4809 /* Scoops-Bridging-Header.h */ = {isa = PBXFileReference; lastKnownFileType = sourcecode.c.h; path = "Scoops-Bridging-Header.h"; sourceTree = "<group>"; };
		A17D09281DBDA007009D4809 /* WebKit.framework */ = {isa = PBXFileReference; lastKnownFileType = wrapper.framework; name = WebKit.framework; path = System/Library/Frameworks/WebKit.framework; sourceTree = SDKROOT; };
		A17D092A1DBDA168009D4809 /* Logged.storyboard */ = {isa = PBXFileReference; fileEncoding = 4; lastKnownFileType = file.storyboard; path = Logged.storyboard; sourceTree = "<group>"; };
		A17D092C1DBDA18F009D4809 /* ScoopDetailsViewController.swift */ = {isa = PBXFileReference; fileEncoding = 4; lastKnownFileType = sourcecode.swift; path = ScoopDetailsViewController.swift; sourceTree = "<group>"; };
		A1C5220A1DC63D5700227970 /* ScoopReadingViewController.swift */ = {isa = PBXFileReference; fileEncoding = 4; lastKnownFileType = sourcecode.swift; path = ScoopReadingViewController.swift; sourceTree = "<group>"; };
		A1CED3131DC563A600CF528D /* AZSClient.framework */ = {isa = PBXFileReference; lastKnownFileType = wrapper.framework; path = AZSClient.framework; sourceTree = "<group>"; };
		A1CED3151DC563EA00CF528D /* libxml2.2.tbd */ = {isa = PBXFileReference; lastKnownFileType = "sourcecode.text-based-dylib-definition"; name = libxml2.2.tbd; path = usr/lib/libxml2.2.tbd; sourceTree = SDKROOT; };
		A1CED3191DC5AB3C00CF528D /* no-image-available.png */ = {isa = PBXFileReference; lastKnownFileType = image.png; path = "no-image-available.png"; sourceTree = "<group>"; };
/* End PBXFileReference section */

/* Begin PBXFrameworksBuildPhase section */
		A17D09011DBBC393009D4809 /* Frameworks */ = {
			isa = PBXFrameworksBuildPhase;
			buildActionMask = 2147483647;
			files = (
				A1CED3161DC563EA00CF528D /* libxml2.2.tbd in Frameworks */,
				A17D09291DBDA007009D4809 /* WebKit.framework in Frameworks */,
				A152E15A1DC3B3E6008AF28C /* MicrosoftAzureMobile.framework in Frameworks */,
				A1CED3141DC563A600CF528D /* AZSClient.framework in Frameworks */,
			);
			runOnlyForDeploymentPostprocessing = 0;
		};
/* End PBXFrameworksBuildPhase section */

/* Begin PBXGroup section */
		A101EE651DBFC2D0005A561C /* Utils */ = {
			isa = PBXGroup;
			children = (
				A101EE5F1DBFC2CB005A561C /* UIImage+Alpha.swift */,
				A101EE601DBFC2CB005A561C /* UIImage+ReSize.swift */,
				A101EE611DBFC2CB005A561C /* UIImage+RoundCorner.swift */,
			);
			name = Utils;
			sourceTree = "<group>";
		};
		A152E15B1DC46CC2008AF28C /* Anonymous */ = {
			isa = PBXGroup;
			children = (
				A152E15C1DC46DB5008AF28C /* Anonymous.storyboard */,
				A152E15E1DC46E09008AF28C /* AnonymousTableViewController.swift */,
				A1C5220A1DC63D5700227970 /* ScoopReadingViewController.swift */,
			);
			name = Anonymous;
			sourceTree = "<group>";
		};
		A17D08FB1DBBC392009D4809 = {
			isa = PBXGroup;
			children = (
				A17D09261DBD9F42009D4809 /* Scoops-Bridging-Header.h */,
				A17D09061DBBC393009D4809 /* Scoops */,
				A17D09051DBBC393009D4809 /* Products */,
				A17D09271DBDA007009D4809 /* Frameworks */,
			);
			sourceTree = "<group>";
		};
		A17D09051DBBC393009D4809 /* Products */ = {
			isa = PBXGroup;
			children = (
				A17D09041DBBC393009D4809 /* Scoops.app */,
			);
			name = Products;
			sourceTree = "<group>";
		};
		A17D09061DBBC393009D4809 /* Scoops */ = {
			isa = PBXGroup;
			children = (
				A17D09211DBD9D51009D4809 /* Frameworks */,
				A1CED31B1DC5AB7900CF528D /* Resources */,
				A101EE651DBFC2D0005A561C /* Utils */,
				A17D09191DBBC477009D4809 /* Main */,
				A152E15B1DC46CC2008AF28C /* Anonymous */,
				A17D091C1DBBC856009D4809 /* Logged */,
				A17D09071DBBC393009D4809 /* AppDelegate.swift */,
				A17D090E1DBBC393009D4809 /* Assets.xcassets */,
				A17D09101DBBC393009D4809 /* LaunchScreen.storyboard */,
				A17D09131DBBC393009D4809 /* Info.plist */,
			);
			path = Scoops;
			sourceTree = "<group>";
		};
		A17D09191DBBC477009D4809 /* Main */ = {
			isa = PBXGroup;
			children = (
				A17D090B1DBBC393009D4809 /* Main.storyboard */,
				A17D091A1DBBC48A009D4809 /* MainViewController.swift */,
			);
			name = Main;
			sourceTree = "<group>";
		};
		A17D091C1DBBC856009D4809 /* Logged */ = {
			isa = PBXGroup;
			children = (
				A17D091F1DBBC8D7009D4809 /* LoggedTableViewController.swift */,
				A17D092A1DBDA168009D4809 /* Logged.storyboard */,
				A17D092C1DBDA18F009D4809 /* ScoopDetailsViewController.swift */,
			);
			name = Logged;
			sourceTree = "<group>";
		};
		A17D09211DBD9D51009D4809 /* Frameworks */ = {
			isa = PBXGroup;
			children = (
				A1CED3131DC563A600CF528D /* AZSClient.framework */,
				A152E1591DC3B3E6008AF28C /* MicrosoftAzureMobile.framework */,
			);
			name = Frameworks;
			sourceTree = "<group>";
		};
		A17D09271DBDA007009D4809 /* Frameworks */ = {
			isa = PBXGroup;
			children = (
				A1CED3151DC563EA00CF528D /* libxml2.2.tbd */,
				A17D09281DBDA007009D4809 /* WebKit.framework */,
			);
			name = Frameworks;
			sourceTree = "<group>";
		};
		A1CED31B1DC5AB7900CF528D /* Resources */ = {
			isa = PBXGroup;
			children = (
				A1CED3191DC5AB3C00CF528D /* no-image-available.png */,
			);
			name = Resources;
			sourceTree = "<group>";
		};
/* End PBXGroup section */

/* Begin PBXNativeTarget section */
		A17D09031DBBC393009D4809 /* Scoops */ = {
			isa = PBXNativeTarget;
			buildConfigurationList = A17D09161DBBC393009D4809 /* Build configuration list for PBXNativeTarget "Scoops" */;
			buildPhases = (
				A17D09001DBBC393009D4809 /* Sources */,
				A17D09011DBBC393009D4809 /* Frameworks */,
				A17D09021DBBC393009D4809 /* Resources */,
			);
			buildRules = (
			);
			dependencies = (
			);
			name = Scoops;
			productName = Scoops;
			productReference = A17D09041DBBC393009D4809 /* Scoops.app */;
			productType = "com.apple.product-type.application";
		};
/* End PBXNativeTarget section */

/* Begin PBXProject section */
		A17D08FC1DBBC392009D4809 /* Project object */ = {
			isa = PBXProject;
			attributes = {
				LastSwiftUpdateCheck = 0800;
				LastUpgradeCheck = 0810;
				ORGANIZATIONNAME = "Charles Moncada";
				TargetAttributes = {
					A17D09031DBBC393009D4809 = {
						CreatedOnToolsVersion = 8.0;
						DevelopmentTeam = 692K8L98GH;
						ProvisioningStyle = Automatic;
					};
				};
			};
			buildConfigurationList = A17D08FF1DBBC392009D4809 /* Build configuration list for PBXProject "Scoops" */;
			compatibilityVersion = "Xcode 3.2";
			developmentRegion = English;
			hasScannedForEncodings = 0;
			knownRegions = (
				en,
				Base,
			);
			mainGroup = A17D08FB1DBBC392009D4809;
			productRefGroup = A17D09051DBBC393009D4809 /* Products */;
			projectDirPath = "";
			projectRoot = "";
			targets = (
				A17D09031DBBC393009D4809 /* Scoops */,
			);
		};
/* End PBXProject section */

/* Begin PBXResourcesBuildPhase section */
		A17D09021DBBC393009D4809 /* Resources */ = {
			isa = PBXResourcesBuildPhase;
			buildActionMask = 2147483647;
			files = (
				A17D09121DBBC393009D4809 /* LaunchScreen.storyboard in Resources */,
				A152E15D1DC46DB5008AF28C /* Anonymous.storyboard in Resources */,
				A17D090F1DBBC393009D4809 /* Assets.xcassets in Resources */,
				A1CED31A1DC5AB3C00CF528D /* no-image-available.png in Resources */,
				A17D092B1DBDA168009D4809 /* Logged.storyboard in Resources */,
				A17D090D1DBBC393009D4809 /* Main.storyboard in Resources */,
			);
			runOnlyForDeploymentPostprocessing = 0;
		};
/* End PBXResourcesBuildPhase section */

/* Begin PBXSourcesBuildPhase section */
		A17D09001DBBC393009D4809 /* Sources */ = {
			isa = PBXSourcesBuildPhase;
			buildActionMask = 2147483647;
			files = (
				A17D092D1DBDA18F009D4809 /* ScoopDetailsViewController.swift in Sources */,
				A152E15F1DC46E09008AF28C /* AnonymousTableViewController.swift in Sources */,
				A101EE631DBFC2CB005A561C /* UIImage+ReSize.swift in Sources */,
				A17D091B1DBBC48A009D4809 /* MainViewController.swift in Sources */,
				A101EE621DBFC2CB005A561C /* UIImage+Alpha.swift in Sources */,
				A17D09081DBBC393009D4809 /* AppDelegate.swift in Sources */,
				A17D09201DBBC8D7009D4809 /* LoggedTableViewController.swift in Sources */,
				A1C5220B1DC63D5700227970 /* ScoopReadingViewController.swift in Sources */,
				A101EE641DBFC2CB005A561C /* UIImage+RoundCorner.swift in Sources */,
			);
			runOnlyForDeploymentPostprocessing = 0;
		};
/* End PBXSourcesBuildPhase section */

/* Begin PBXVariantGroup section */
		A17D090B1DBBC393009D4809 /* Main.storyboard */ = {
			isa = PBXVariantGroup;
			children = (
				A17D090C1DBBC393009D4809 /* Base */,
			);
			name = Main.storyboard;
			sourceTree = "<group>";
		};
		A17D09101DBBC393009D4809 /* LaunchScreen.storyboard */ = {
			isa = PBXVariantGroup;
			children = (
				A17D09111DBBC393009D4809 /* Base */,
			);
			name = LaunchScreen.storyboard;
			sourceTree = "<group>";
		};
/* End PBXVariantGroup section */

/* Begin XCBuildConfiguration section */
		A17D09141DBBC393009D4809 /* Debug */ = {
			isa = XCBuildConfiguration;
			buildSettings = {
				ALWAYS_SEARCH_USER_PATHS = NO;
				CLANG_ANALYZER_NONNULL = YES;
				CLANG_CXX_LANGUAGE_STANDARD = "gnu++0x";
				CLANG_CXX_LIBRARY = "libc++";
				CLANG_ENABLE_MODULES = YES;
				CLANG_ENABLE_OBJC_ARC = YES;
				CLANG_WARN_BOOL_CONVERSION = YES;
				CLANG_WARN_CONSTANT_CONVERSION = YES;
				CLANG_WARN_DIRECT_OBJC_ISA_USAGE = YES_ERROR;
				CLANG_WARN_DOCUMENTATION_COMMENTS = YES;
				CLANG_WARN_EMPTY_BODY = YES;
				CLANG_WARN_ENUM_CONVERSION = YES;
				CLANG_WARN_INFINITE_RECURSION = YES;
				CLANG_WARN_INT_CONVERSION = YES;
				CLANG_WARN_OBJC_ROOT_CLASS = YES_ERROR;
				CLANG_WARN_SUSPICIOUS_MOVE = YES;
				CLANG_WARN_SUSPICIOUS_MOVES = YES;
				CLANG_WARN_UNREACHABLE_CODE = YES;
				CLANG_WARN__DUPLICATE_METHOD_MATCH = YES;
				"CODE_SIGN_IDENTITY[sdk=iphoneos*]" = "iPhone Developer";
				COPY_PHASE_STRIP = NO;
				DEBUG_INFORMATION_FORMAT = dwarf;
				ENABLE_STRICT_OBJC_MSGSEND = YES;
				ENABLE_TESTABILITY = YES;
				GCC_C_LANGUAGE_STANDARD = gnu99;
				GCC_DYNAMIC_NO_PIC = NO;
				GCC_NO_COMMON_BLOCKS = YES;
				GCC_OPTIMIZATION_LEVEL = 0;
				GCC_PREPROCESSOR_DEFINITIONS = (
					"DEBUG=1",
					"$(inherited)",
				);
				GCC_WARN_64_TO_32_BIT_CONVERSION = YES;
				GCC_WARN_ABOUT_RETURN_TYPE = YES_ERROR;
				GCC_WARN_UNDECLARED_SELECTOR = YES;
				GCC_WARN_UNINITIALIZED_AUTOS = YES_AGGRESSIVE;
				GCC_WARN_UNUSED_FUNCTION = YES;
				GCC_WARN_UNUSED_VARIABLE = YES;
				IPHONEOS_DEPLOYMENT_TARGET = 9.0;
				MTL_ENABLE_DEBUG_INFO = YES;
				ONLY_ACTIVE_ARCH = YES;
				SDKROOT = iphoneos;
				SWIFT_ACTIVE_COMPILATION_CONDITIONS = DEBUG;
				SWIFT_OPTIMIZATION_LEVEL = "-Onone";
			};
			name = Debug;
		};
		A17D09151DBBC393009D4809 /* Release */ = {
			isa = XCBuildConfiguration;
			buildSettings = {
				ALWAYS_SEARCH_USER_PATHS = NO;
				CLANG_ANALYZER_NONNULL = YES;
				CLANG_CXX_LANGUAGE_STANDARD = "gnu++0x";
				CLANG_CXX_LIBRARY = "libc++";
				CLANG_ENABLE_MODULES = YES;
				CLANG_ENABLE_OBJC_ARC = YES;
				CLANG_WARN_BOOL_CONVERSION = YES;
				CLANG_WARN_CONSTANT_CONVERSION = YES;
				CLANG_WARN_DIRECT_OBJC_ISA_USAGE = YES_ERROR;
				CLANG_WARN_DOCUMENTATION_COMMENTS = YES;
				CLANG_WARN_EMPTY_BODY = YES;
				CLANG_WARN_ENUM_CONVERSION = YES;
				CLANG_WARN_INFINITE_RECURSION = YES;
				CLANG_WARN_INT_CONVERSION = YES;
				CLANG_WARN_OBJC_ROOT_CLASS = YES_ERROR;
				CLANG_WARN_SUSPICIOUS_MOVE = YES;
				CLANG_WARN_SUSPICIOUS_MOVES = YES;
				CLANG_WARN_UNREACHABLE_CODE = YES;
				CLANG_WARN__DUPLICATE_METHOD_MATCH = YES;
				"CODE_SIGN_IDENTITY[sdk=iphoneos*]" = "iPhone Developer";
				COPY_PHASE_STRIP = NO;
				DEBUG_INFORMATION_FORMAT = "dwarf-with-dsym";
				ENABLE_NS_ASSERTIONS = NO;
				ENABLE_STRICT_OBJC_MSGSEND = YES;
				GCC_C_LANGUAGE_STANDARD = gnu99;
				GCC_NO_COMMON_BLOCKS = YES;
				GCC_WARN_64_TO_32_BIT_CONVERSION = YES;
				GCC_WARN_ABOUT_RETURN_TYPE = YES_ERROR;
				GCC_WARN_UNDECLARED_SELECTOR = YES;
				GCC_WARN_UNINITIALIZED_AUTOS = YES_AGGRESSIVE;
				GCC_WARN_UNUSED_FUNCTION = YES;
				GCC_WARN_UNUSED_VARIABLE = YES;
				IPHONEOS_DEPLOYMENT_TARGET = 9.0;
				MTL_ENABLE_DEBUG_INFO = NO;
				SDKROOT = iphoneos;
				SWIFT_OPTIMIZATION_LEVEL = "-Owholemodule";
				VALIDATE_PRODUCT = YES;
			};
			name = Release;
		};
		A17D09171DBBC393009D4809 /* Debug */ = {
			isa = XCBuildConfiguration;
			buildSettings = {
				ASSETCATALOG_COMPILER_APPICON_NAME = AppIcon;
				DEVELOPMENT_TEAM = 692K8L98GH;
				FRAMEWORK_SEARCH_PATHS = (
					"$(inherited)",
					"$(PROJECT_DIR)/Scoops",
				);
				INFOPLIST_FILE = Scoops/Info.plist;
				IPHONEOS_DEPLOYMENT_TARGET = 10.0;
				LD_RUNPATH_SEARCH_PATHS = "$(inherited) @executable_path/Frameworks";
				PRODUCT_BUNDLE_IDENTIFIER = com.charlesmoncada.Scoops;
				PRODUCT_NAME = "$(TARGET_NAME)";
				SWIFT_OBJC_BRIDGING_HEADER = "Scoops-Bridging-Header.h";
				SWIFT_VERSION = 3.0;
			};
			name = Debug;
		};
		A17D09181DBBC393009D4809 /* Release */ = {
			isa = XCBuildConfiguration;
			buildSettings = {
				ASSETCATALOG_COMPILER_APPICON_NAME = AppIcon;
				DEVELOPMENT_TEAM = 692K8L98GH;
				FRAMEWORK_SEARCH_PATHS = (
					"$(inherited)",
					"$(PROJECT_DIR)/Scoops",
				);
				INFOPLIST_FILE = Scoops/Info.plist;
				IPHONEOS_DEPLOYMENT_TARGET = 10.0;
				LD_RUNPATH_SEARCH_PATHS = "$(inherited) @executable_path/Frameworks";
				PRODUCT_BUNDLE_IDENTIFIER = com.charlesmoncada.Scoops;
				PRODUCT_NAME = "$(TARGET_NAME)";
				SWIFT_OBJC_BRIDGING_HEADER = "Scoops-Bridging-Header.h";
				SWIFT_VERSION = 3.0;
			};
			name = Release;
		};
/* End XCBuildConfiguration section */

/* Begin XCConfigurationList section */
		A17D08FF1DBBC392009D4809 /* Build configuration list for PBXProject "Scoops" */ = {
			isa = XCConfigurationList;
			buildConfigurations = (
				A17D09141DBBC393009D4809 /* Debug */,
				A17D09151DBBC393009D4809 /* Release */,
			);
			defaultConfigurationIsVisible = 0;
			defaultConfigurationName = Release;
		};
		A17D09161DBBC393009D4809 /* Build configuration list for PBXNativeTarget "Scoops" */ = {
			isa = XCConfigurationList;
			buildConfigurations = (
				A17D09171DBBC393009D4809 /* Debug */,
				A17D09181DBBC393009D4809 /* Release */,
			);
			defaultConfigurationIsVisible = 0;
			defaultConfigurationName = Release;
		};
/* End XCConfigurationList section */
	};
	rootObject = A17D08FC1DBBC392009D4809 /* Project object */;
}
